{
  "name": "talk-robust-api-design-ts",
  "version": "1.0.0",
  "lockfileVersion": 2,
  "requires": true,
  "packages": {
    "": {
      "name": "talk-robust-api-design-ts",
      "version": "1.0.0",
      "license": "MIT",
      "devDependencies": {
        "ts-toolbelt": "^9.6.0",
        "ts-toolbox": "^0.1.0",
        "typescript": "^5.1.6"
      }
    },
    "node_modules/ts-toolbelt": {
      "version": "9.6.0",
      "resolved": "https://registry.npmjs.org/ts-toolbelt/-/ts-toolbelt-9.6.0.tgz",
      "integrity": "sha512-nsZd8ZeNUzukXPlJmTBwUAuABDe/9qtVDelJeT/qW0ow3ZS3BsQJtNkan1802aM9Uf68/Y8ljw86Hu0h5IUW3w==",
      "dev": true
    },
    "node_modules/ts-toolbox": {
      "version": "0.1.0",
      "resolved": "https://registry.npmjs.org/ts-toolbox/-/ts-toolbox-0.1.0.tgz",
      "integrity": "sha512-W/Vv6E9cLGMFA6FeEjpKrm4IxFd+66yUDziJIa6gzm9AiMu/lP8nZGaeboT/ZMlHog9JdeIaeme/+KrcPZJ70Q==",
      "deprecated": "this package has been deprecated",
      "dev": true
    },
    "node_modules/typescript": {
      "version": "5.1.6",
      "resolved": "https://registry.npmjs.org/typescript/-/typescript-5.1.6.tgz",
      "integrity": "sha512-zaWCozRZ6DLEWAWFrVDz1H6FVXzUSfTy5FUMWsQlU8Ym5JP9eO4xkTIROFCQvhQf61z6O/G6ugw3SgAnvvm+HA==",
      "dev": true,
      "bin": {
        "tsc": "bin/tsc",
        "tsserver": "bin/tsserver"
      },
      "engines": {
        "node": ">=14.17"
      }
    }
  },
  "dependencies": {
    "ts-toolbelt": {
      "version": "9.6.0",
      "resolved": "https://registry.npmjs.org/ts-toolbelt/-/ts-toolbelt-9.6.0.tgz",
      "integrity": "sha512-nsZd8ZeNUzukXPlJmTBwUAuABDe/9qtVDelJeT/qW0ow3ZS3BsQJtNkan1802aM9Uf68/Y8ljw86Hu0h5IUW3w==",
      "dev": true
    },
    "ts-toolbox": {
      "version": "0.1.0",
      "resolved": "https://registry.npmjs.org/ts-toolbox/-/ts-toolbox-0.1.0.tgz",
      "integrity": "sha512-W/Vv6E9cLGMFA6FeEjpKrm4IxFd+66yUDziJIa6gzm9AiMu/lP8nZGaeboT/ZMlHog9JdeIaeme/+KrcPZJ70Q==",
      "dev": true
    },
    "typescript": {
      "version": "5.1.6",
      "resolved": "https://registry.npmjs.org/typescript/-/typescript-5.1.6.tgz",
      "integrity": "sha512-zaWCozRZ6DLEWAWFrVDz1H6FVXzUSfTy5FUMWsQlU8Ym5JP9eO4xkTIROFCQvhQf61z6O/G6ugw3SgAnvvm+HA==",
      "dev": true
    }
  }
}
